
Microsoft Visual Studio Solution File, Format Version 12.00
# Visual Studio Version 16
VisualStudioVersion = 16.0.28803.202
MinimumVisualStudioVersion = 10.0.40219.1
Project("{FAE04EC0-301F-11D3-BF4B-00C04F79EFBC}") = "SubtitleBurner", "SubtitleBurner\SubtitleBurner.csproj", "{C20B3630-E8AF-4016-BE3D-D4175D114CD1}"
EndProject
Global
	GlobalSection(SolutionConfigurationPlatforms) = preSolution
		Debug|Any CPU = Debug|Any CPU
		Release|Any CPU = Release|Any CPU
	EndGlobalSection
	GlobalSection(ProjectConfigurationPlatforms) = postSolution
		{C20B3630-E8AF-4016-BE3D-D4175D114CD1}.Debug|Any CPU.ActiveCfg = Debug|Any CPU
		{C20B3630-E8AF-4016-BE3D-D4175D114CD1}.Debug|Any CPU.Build.0 = Debug|Any CPU
		{C20B3630-E8AF-4016-BE3D-D4175D114CD1}.Release|Any CPU.ActiveCfg = Release|Any CPU
		{C20B3630-E8AF-4016-BE3D-D4175D114CD1}.Release|Any CPU.Build.0 = Release|Any CPU
	EndGlobalSection
	GlobalSection(SolutionProperties) = preSolution
		HideSolutionNode = FALSE
	EndGlobalSection
	GlobalSection(ExtensibilityGlobals) = postSolution
		SolutionGuid = {C7033255-BE2D-4E45-B54D-34FDBF12CF22}
	EndGlobalSection
EndGlobal
